
Microsoft Visual Studio Solution File, Format Version 12.00
# Visual Studio Version 16
VisualStudioVersion = 16.0.31424.327
MinimumVisualStudioVersion = 10.0.40219.1
Project("{FAE04EC0-301F-11D3-BF4B-00C04F79EFBC}") = "ExcelReadTest", "ExcelReadTest.csproj", "{97094549-5867-4D52-8E5F-604FFB341941}"
EndProject
Global
	GlobalSection(SolutionConfigurationPlatforms) = preSolution
		Debug|Any CPU = Debug|Any CPU
		Release|Any CPU = Release|Any CPU
	EndGlobalSection
	GlobalSection(ProjectConfigurationPlatforms) = postSolution
		{97094549-5867-4D52-8E5F-604FFB341941}.Debug|Any CPU.ActiveCfg = Debug|Any CPU
		{97094549-5867-4D52-8E5F-604FFB341941}.Debug|Any CPU.Build.0 = Debug|Any CPU
		{97094549-5867-4D52-8E5F-604FFB341941}.Release|Any CPU.ActiveCfg = Release|Any CPU
		{97094549-5867-4D52-8E5F-604FFB341941}.Release|Any CPU.Build.0 = Release|Any CPU
	EndGlobalSection
	GlobalSection(SolutionProperties) = preSolution
		HideSolutionNode = FALSE
	EndGlobalSection
	GlobalSection(ExtensibilityGlobals) = postSolution
		SolutionGuid = {E70B39D5-40DD-4DF9-B0D2-35B34E4F7B20}
	EndGlobalSection
EndGlobal
